
Microsoft Visual Studio Solution File, Format Version 12.00
# Visual Studio Version 17
VisualStudioVersion = 17.14.36603.0 d17.14
MinimumVisualStudioVersion = 10.0.40219.1
Project("{FAE04EC0-301F-11D3-BF4B-00C04F79EFBC}") = "api", "api.csproj", "{3F4481AC-2200-4DCE-A0BC-91263AB51235}"
EndProject
Global
	GlobalSection(SolutionConfigurationPlatforms) = preSolution
		Debug|Any CPU = Debug|Any CPU
		Release|Any CPU = Release|Any CPU
	EndGlobalSection
	GlobalSection(ProjectConfigurationPlatforms) = postSolution
		{3F4481AC-2200-4DCE-A0BC-91263AB51235}.Debug|Any CPU.ActiveCfg = Debug|Any CPU
		{3F4481AC-2200-4DCE-A0BC-91263AB51235}.Debug|Any CPU.Build.0 = Debug|Any CPU
		{3F4481AC-2200-4DCE-A0BC-91263AB51235}.Release|Any CPU.ActiveCfg = Release|Any CPU
		{3F4481AC-2200-4DCE-A0BC-91263AB51235}.Release|Any CPU.Build.0 = Release|Any CPU
	EndGlobalSection
	GlobalSection(SolutionProperties) = preSolution
		HideSolutionNode = FALSE
	EndGlobalSection
	GlobalSection(ExtensibilityGlobals) = postSolution
		SolutionGuid = {4C9CA3DB-7CDA-41B6-923B-4723AD9C3594}
	EndGlobalSection
EndGlobal
